# This file is automatically @generated by Poetry 1.7.1 and should not be changed by hand.

[[package]]
name = "RPi.GPIO2"
version = "0.4.0"
description = "Compatibility layer between RPi.GPIO syntax and libgpiod semantics"
optional = false
python-versions = ">=3.7"
files = []
develop = false

[package.source]
type = "git"
url = "https://github.com/underground-software/RPi.GPIO2.git"
reference = "v0.4.0"
resolved_reference = "75d8d9e8be7e145178893cd833c1f60c7004e55d"

[[package]]
name = "smbus2"
version = "0.4.3"
description = "smbus2 is a drop-in replacement for smbus-cffi/smbus-python in pure Python"
optional = false
python-versions = "*"
files = [
    {file = "smbus2-0.4.3-py2.py3-none-any.whl", hash = "sha256:a2fc29cfda4081ead2ed61ef2c4fc041d71dd40a8d917e85216f44786fca2d1d"},
    {file = "smbus2-0.4.3.tar.gz", hash = "sha256:36f2288a8e1a363cb7a7b2244ec98d880eb5a728a2494ac9c71e9de7bf6a803a"},
]

[package.extras]
docs = ["sphinx (>=1.5.3)"]
qa = ["flake8"]
test = ["mock", "nose"]

[metadata]
lock-version = "2.0"
python-versions = "~3.9"
content-hash = "0a6a3d9078517db02149f5984f7056b373d6b6da617ae1a2dceae30650926c88"
